
Microsoft Visual Studio Solution File, Format Version 12.00
# Visual Studio Version 17
VisualStudioVersion = 17.0.31903.59
MinimumVisualStudioVersion = 10.0.40219.1
Project("{2150E333-8FDC-42A3-9474-1A3956D46DE8}") = "src", "src", "{17E46E7F-75B8-4B2B-9C7A-5A380B77BB1B}"
EndProject
Project("{FAE04EC0-301F-11D3-BF4B-00C04F79EFBC}") = "AIEnterprisePatterns.Api", "src\AIEnterprisePatterns.Api\AIEnterprisePatterns.Api.csproj", "{F7D763E8-99A7-4BF5-8784-BB863B1CAC33}"
EndProject
Project("{FAE04EC0-301F-11D3-BF4B-00C04F79EFBC}") = "AIEnterprisePatterns.Core", "src\AIEnterprisePatterns.Core\AIEnterprisePatterns.Core.csproj", "{48A8BCD1-2949-481E-A042-BB5D5C9965BF}"
EndProject
Project("{FAE04EC0-301F-11D3-BF4B-00C04F79EFBC}") = "AIEnterprisePatterns.Data", "src\AIEnterprisePatterns.Data\AIEnterprisePatterns.Data.csproj", "{08432C10-EBD1-4168-B569-0AD925132F5C}"
EndProject
Global
	GlobalSection(SolutionConfigurationPlatforms) = preSolution
		Debug|Any CPU = Debug|Any CPU
		Release|Any CPU = Release|Any CPU
	EndGlobalSection
	GlobalSection(SolutionProperties) = preSolution
		HideSolutionNode = FALSE
	EndGlobalSection
	GlobalSection(ProjectConfigurationPlatforms) = postSolution
		{F7D763E8-99A7-4BF5-8784-BB863B1CAC33}.Debug|Any CPU.ActiveCfg = Debug|Any CPU
		{F7D763E8-99A7-4BF5-8784-BB863B1CAC33}.Debug|Any CPU.Build.0 = Debug|Any CPU
		{F7D763E8-99A7-4BF5-8784-BB863B1CAC33}.Release|Any CPU.ActiveCfg = Release|Any CPU
		{F7D763E8-99A7-4BF5-8784-BB863B1CAC33}.Release|Any CPU.Build.0 = Release|Any CPU
		{48A8BCD1-2949-481E-A042-BB5D5C9965BF}.Debug|Any CPU.ActiveCfg = Debug|Any CPU
		{48A8BCD1-2949-481E-A042-BB5D5C9965BF}.Debug|Any CPU.Build.0 = Debug|Any CPU
		{48A8BCD1-2949-481E-A042-BB5D5C9965BF}.Release|Any CPU.ActiveCfg = Release|Any CPU
		{48A8BCD1-2949-481E-A042-BB5D5C9965BF}.Release|Any CPU.Build.0 = Release|Any CPU
		{08432C10-EBD1-4168-B569-0AD925132F5C}.Debug|Any CPU.ActiveCfg = Debug|Any CPU
		{08432C10-EBD1-4168-B569-0AD925132F5C}.Debug|Any CPU.Build.0 = Debug|Any CPU
		{08432C10-EBD1-4168-B569-0AD925132F5C}.Release|Any CPU.ActiveCfg = Release|Any CPU
		{08432C10-EBD1-4168-B569-0AD925132F5C}.Release|Any CPU.Build.0 = Release|Any CPU
	EndGlobalSection
	GlobalSection(NestedProjects) = preSolution
		{F7D763E8-99A7-4BF5-8784-BB863B1CAC33} = {17E46E7F-75B8-4B2B-9C7A-5A380B77BB1B}
		{48A8BCD1-2949-481E-A042-BB5D5C9965BF} = {17E46E7F-75B8-4B2B-9C7A-5A380B77BB1B}
		{08432C10-EBD1-4168-B569-0AD925132F5C} = {17E46E7F-75B8-4B2B-9C7A-5A380B77BB1B}
	EndGlobalSection
EndGlobal
